{
  "name": "ffmpeg-delete-me",
  "version": "0.0.1",
  "lockfileVersion": 3,
  "requires": true,
  "packages": {
    "": {
      "name": "ffmpeg-delete-me",
      "version": "0.0.1",
      "license": "MIT",
      "dependencies": {
        "@ffmpeg.wasm/core-mt": "0.13.2",
        "@ffmpeg.wasm/core-st": "0.13.2",
        "@ffmpeg.wasm/main": "0.13.0",
        "systeminformation": "^5.18.11"
      }
    },
    "node_modules/@ffmpeg.wasm/core-mt": {
      "version": "0.13.2",
      "resolved": "https://registry.npmjs.org/@ffmpeg.wasm/core-mt/-/core-mt-0.13.2.tgz",
      "integrity": "sha512-3UgpMoOhpTslxluDvBrh0MULeNy55W+WWG00P+JnnCLpJulQxgi6mnIuGO03d2sfV5pyW/FqAwut+fiMLbRsPg=="
    },
    "node_modules/@ffmpeg.wasm/core-st": {
      "version": "0.13.2",
      "resolved": "https://registry.npmjs.org/@ffmpeg.wasm/core-st/-/core-st-0.13.2.tgz",
      "integrity": "sha512-pFGF8CjD0gNROKZnG/BZB5eyHMDYLbQ55sPJ/8K0pWuJhp6wPz1klgaac7Cxka5om6pfL2YbO5pgxIC6gPkw2w=="
    },
    "node_modules/@ffmpeg.wasm/main": {
      "version": "0.13.0",
      "resolved": "https://registry.npmjs.org/@ffmpeg.wasm/main/-/main-0.13.0.tgz",
      "integrity": "sha512-UEOE+GHQzxH6wK/2FJtB15ismUQXXqXm/FPoTtnpAidP62hBQ/05WiOVqijF9Vhy3bscQzYiU4aiQVctwuDvVg==",
      "engines": {
        "node": ">=14.0.0"
      }
    },
    "node_modules/systeminformation": {
      "version": "5.18.11",
      "resolved": "https://registry.npmjs.org/systeminformation/-/systeminformation-5.18.11.tgz",
      "integrity": "sha512-bs9/leD6U8ltyN2ow4YkTeQ3uN6ym6i8nn/oNpV8wKIAtCKs/U9hz1R8IIFFqALA1pUuIVd9f6BcNCzNr6/5fw==",
      "os": [
        "darwin",
        "linux",
        "win32",
        "freebsd",
        "openbsd",
        "netbsd",
        "sunos",
        "android"
      ],
      "bin": {
        "systeminformation": "lib/cli.js"
      },
      "engines": {
        "node": ">=8.0.0"
      },
      "funding": {
        "type": "Buy me a coffee",
        "url": "https://www.buymeacoffee.com/systeminfo"
      }
    }
  }
}
